
Microsoft Visual Studio Solution File, Format Version 12.00
# Visual Studio Version 17
VisualStudioVersion = 17.8.34316.72
MinimumVisualStudioVersion = 10.0.40219.1
Project("{FAE04EC0-301F-11D3-BF4B-00C04F79EFBC}") = "OAuth2", "OAuth2\OAuth2.csproj", "{17B1BA75-ED07-4C87-B97E-13EDC4109031}"
EndProject
Global
	GlobalSection(SolutionConfigurationPlatforms) = preSolution
		Debug|Any CPU = Debug|Any CPU
		Release|Any CPU = Release|Any CPU
	EndGlobalSection
	GlobalSection(ProjectConfigurationPlatforms) = postSolution
		{17B1BA75-ED07-4C87-B97E-13EDC4109031}.Debug|Any CPU.ActiveCfg = Debug|Any CPU
		{17B1BA75-ED07-4C87-B97E-13EDC4109031}.Debug|Any CPU.Build.0 = Debug|Any CPU
		{17B1BA75-ED07-4C87-B97E-13EDC4109031}.Release|Any CPU.ActiveCfg = Release|Any CPU
		{17B1BA75-ED07-4C87-B97E-13EDC4109031}.Release|Any CPU.Build.0 = Release|Any CPU
	EndGlobalSection
	GlobalSection(SolutionProperties) = preSolution
		HideSolutionNode = FALSE
	EndGlobalSection
	GlobalSection(ExtensibilityGlobals) = postSolution
		SolutionGuid = {5B2433E9-A6FD-47BF-B686-DA35B811B497}
	EndGlobalSection
EndGlobal
